{
    "name": "platformer-tutorial-server",
    "lockfileVersion": 2,
    "requires": true,
    "packages": {
        "": {
            "name": "platformer-tutorial-server",
            "dependencies": {
                "arcade-physics": "^0.0.2"
            },
            "devDependencies": {
                "typescript": "^4.9.5"
            }
        },
        "node_modules/arcade-physics": {
            "version": "0.0.2",
            "resolved": "https://registry.npmjs.org/arcade-physics/-/arcade-physics-0.0.2.tgz",
            "integrity": "sha512-wg6zugGlWLjmvt2l8vr/tCBNqH8PMHw87o+M6YlzwHPmmh3HNIPkzq7MFW+Yq4RLk7rcrqSM+00VL8kxptNtbg==",
            "dependencies": {
                "eventemitter3": "^4.0.7"
            }
        },
        "node_modules/eventemitter3": {
            "version": "4.0.7",
            "resolved": "https://registry.npmjs.org/eventemitter3/-/eventemitter3-4.0.7.tgz",
            "integrity": "sha512-8guHBZCwKnFhYdHr2ysuRWErTwhoN2X8XELRlrRwpmfeY2jjuUN4taQMsULKUVo1K4DvZl+0pgfyoysHxvmvEw=="
        },
        "node_modules/typescript": {
            "version": "4.9.5",
            "resolved": "https://registry.npmjs.org/typescript/-/typescript-4.9.5.tgz",
            "integrity": "sha512-1FXk9E2Hm+QzZQ7z+McJiHL4NW1F2EzMu9Nq9i3zAaGqibafqYwCVU6WyWAuyQRRzOlxou8xZSyXLEN8oKj24g==",
            "dev": true,
            "bin": {
                "tsc": "bin/tsc",
                "tsserver": "bin/tsserver"
            },
            "engines": {
                "node": ">=4.2.0"
            }
        }
    },
    "dependencies": {
        "arcade-physics": {
            "version": "0.0.2",
            "resolved": "https://registry.npmjs.org/arcade-physics/-/arcade-physics-0.0.2.tgz",
            "integrity": "sha512-wg6zugGlWLjmvt2l8vr/tCBNqH8PMHw87o+M6YlzwHPmmh3HNIPkzq7MFW+Yq4RLk7rcrqSM+00VL8kxptNtbg==",
            "requires": {
                "eventemitter3": "^4.0.7"
            }
        },
        "eventemitter3": {
            "version": "4.0.7",
            "resolved": "https://registry.npmjs.org/eventemitter3/-/eventemitter3-4.0.7.tgz",
            "integrity": "sha512-8guHBZCwKnFhYdHr2ysuRWErTwhoN2X8XELRlrRwpmfeY2jjuUN4taQMsULKUVo1K4DvZl+0pgfyoysHxvmvEw=="
        },
        "typescript": {
            "version": "4.9.5",
            "resolved": "https://registry.npmjs.org/typescript/-/typescript-4.9.5.tgz",
            "integrity": "sha512-1FXk9E2Hm+QzZQ7z+McJiHL4NW1F2EzMu9Nq9i3zAaGqibafqYwCVU6WyWAuyQRRzOlxou8xZSyXLEN8oKj24g==",
            "dev": true
        }
    }
}
